Microsoft Visual Studio Solution File, Format Version 12.00
# Visual Studio 2013
VisualStudioVersion = 12.0.30723.0
MinimumVisualStudioVersion = 10.0.40219.1
Project("{FAE04EC0-301F-11D3-BF4B-00C04F79EFBC}") = "DetailDescriptorExample", "DetailDescriptorExample\DetailDescriptorExample.csproj", "{C1142514-767E-4010-9DDD-A2CE0A8B3DAA}"
EndProject
Global
	GlobalSection(SolutionConfigurationPlatforms) = preSolution
		Debug|Any CPU = Debug|Any CPU
		Release|Any CPU = Release|Any CPU
	EndGlobalSection
	GlobalSection(ProjectConfigurationPlatforms) = postSolution
		{C1142514-767E-4010-9DDD-A2CE0A8B3DAA}.Debug|Any CPU.ActiveCfg = Debug|Any CPU
		{C1142514-767E-4010-9DDD-A2CE0A8B3DAA}.Debug|Any CPU.Build.0 = Debug|Any CPU
		{C1142514-767E-4010-9DDD-A2CE0A8B3DAA}.Release|Any CPU.ActiveCfg = Release|Any CPU
		{C1142514-767E-4010-9DDD-A2CE0A8B3DAA}.Release|Any CPU.Build.0 = Release|Any CPU
	EndGlobalSection
	GlobalSection(SolutionProperties) = preSolution
		HideSolutionNode = FALSE
	EndGlobalSection
EndGlobal
